
Microsoft Visual Studio Solution File, Format Version 12.00
# Visual Studio 15
VisualStudioVersion = 15.0.27130.2026
MinimumVisualStudioVersion = 10.0.40219.1
Project("{9A19103F-16F7-4668-BE54-9A1E7A4F7556}") = "AngularApp", "AngularApp\AngularApp.csproj", "{05D317B1-0069-4B81-8A44-40C4E7F486FB}"
EndProject
Global
	GlobalSection(SolutionConfigurationPlatforms) = preSolution
		Debug|Any CPU = Debug|Any CPU
		Release|Any CPU = Release|Any CPU
	EndGlobalSection
	GlobalSection(ProjectConfigurationPlatforms) = postSolution
		{05D317B1-0069-4B81-8A44-40C4E7F486FB}.Debug|Any CPU.ActiveCfg = Debug|Any CPU
		{05D317B1-0069-4B81-8A44-40C4E7F486FB}.Debug|Any CPU.Build.0 = Debug|Any CPU
		{05D317B1-0069-4B81-8A44-40C4E7F486FB}.Release|Any CPU.ActiveCfg = Release|Any CPU
		{05D317B1-0069-4B81-8A44-40C4E7F486FB}.Release|Any CPU.Build.0 = Release|Any CPU
	EndGlobalSection
	GlobalSection(SolutionProperties) = preSolution
		HideSolutionNode = FALSE
	EndGlobalSection
	GlobalSection(ExtensibilityGlobals) = postSolution
		SolutionGuid = {EBA5112E-C31D-4594-9D20-DBDEF5CB7CD2}
	EndGlobalSection
EndGlobal
